{
  "version": 4,
  "terraform_version": "1.3.9",
  "serial": 432,
  "lineage": "63493279-4ae8-3250-c1d4-de433145895a",
  "outputs": {},
  "resources": [
    {
      "mode": "data",
      "type": "archive_file",
      "name": "lambda",
      "provider": "provider[\"registry.terraform.io/hashicorp/archive\"]",
      "instances": [
        {
          "schema_version": 0,
          "attributes": {
            "excludes": null,
            "id": "6dfe7eca49327daab5d7e9bb79cb15780c067109",
            "output_base64sha256": "dLxaeNN6xsPUIvznXbRhMNmSJW4cyQZh57IrR3ejllk=",
            "output_file_mode": null,
            "output_md5": "1a6f8dda4b9a0b9e0d14a410dcb16077",
            "output_path": "build/tender_msg.zip",
            "output_sha": "6dfe7eca49327daab5d7e9bb79cb15780c067109",
            "output_size": 1275,
            "source": [],
            "source_content": null,
            "source_content_filename": null,
            "source_dir": "./src",
            "source_file": null,
            "type": "zip"
          },
          "sensitive_attributes": []
        }
      ]
    },
    {
      "mode": "data",
      "type": "aws_iam_policy_document",
      "name": "api-gateway-to-sqs-2",
      "provider": "provider[\"registry.terraform.io/hashicorp/aws\"]",
      "instances": [
        {
          "schema_version": 0,
          "attributes": {
            "id": "266296939",
            "json": "{\n  \"Version\": \"2012-10-17\",\n  \"Statement\": [\n    {\n      \"Sid\": \"\",\n      \"Effect\": \"Allow\",\n      \"Action\": \"SQS:SendMessage\",\n      \"Resource\": \"arn:aws:sqs:us-east-1:186314775128:edi-queue-2.fifo\",\n      \"Condition\": {\n        \"ArnEquals\": {\n          \"aws:SourceArn\": \"arn:aws:iam::186314775128:role/api-gateway-to-sqs-2\"\n        }\n      }\n    }\n  ]\n}",
            "override_json": null,
            "override_policy_documents": null,
            "policy_id": null,
            "source_json": null,
            "source_policy_documents": null,
            "statement": [
              {
                "actions": [
                  "SQS:SendMessage"
                ],
                "condition": [
                  {
                    "test": "ArnEquals",
                    "values": [
                      "arn:aws:iam::186314775128:role/api-gateway-to-sqs-2"
                    ],
                    "variable": "aws:SourceArn"
                  }
                ],
                "effect": "Allow",
                "not_actions": [],
                "not_principals": [],
                "not_resources": [],
                "principals": [],
                "resources": [
                  "arn:aws:sqs:us-east-1:186314775128:edi-queue-2.fifo"
                ],
                "sid": ""
              }
            ],
            "version": "2012-10-17"
          },
          "sensitive_attributes": []
        }
      ]
    },
    {
      "mode": "data",
      "type": "aws_iam_policy_document",
      "name": "edi-queue",
      "provider": "provider[\"registry.terraform.io/hashicorp/aws\"]",
      "instances": [
        {
          "schema_version": 0,
          "attributes": {
            "id": "1889559078",
            "json": "{\n  \"Version\": \"2012-10-17\",\n  \"Statement\": [\n    {\n      \"Sid\": \"\",\n      \"Effect\": \"Allow\",\n      \"Action\": \"SQS:*\",\n      \"Resource\": \"arn:aws:sqs:us-east-1:186314775128:edi-DeadLetters-2.fifo\",\n      \"Principal\": \"*\",\n      \"Condition\": {\n        \"ArnEquals\": {\n          \"aws:SourceArn\": \"arn:aws:iam::186314775128:role/api-gateway-to-sqs-2\"\n        }\n      }\n    },\n    {\n      \"Sid\": \"\",\n      \"Effect\": \"Allow\",\n      \"Action\": \"SQS:*\",\n      \"Resource\": \"arn:aws:sqs:us-east-1:186314775128:edi-queue-2.fifo\",\n      \"Principal\": \"*\",\n      \"Condition\": {\n        \"ArnEquals\": {\n          \"aws:SourceArn\": \"arn:aws:iam::186314775128:role/api-gateway-to-sqs-2\"\n        }\n      }\n    }\n  ]\n}",
            "override_json": null,
            "override_policy_documents": null,
            "policy_id": null,
            "source_json": null,
            "source_policy_documents": null,
            "statement": [
              {
                "actions": [
                  "SQS:*"
                ],
                "condition": [
                  {
                    "test": "ArnEquals",
                    "values": [
                      "arn:aws:iam::186314775128:role/api-gateway-to-sqs-2"
                    ],
                    "variable": "aws:SourceArn"
                  }
                ],
                "effect": "Allow",
                "not_actions": [],
                "not_principals": [],
                "not_resources": [],
                "principals": [
                  {
                    "identifiers": [
                      "*"
                    ],
                    "type": "*"
                  }
                ],
                "resources": [
                  "arn:aws:sqs:us-east-1:186314775128:edi-DeadLetters-2.fifo"
                ],
                "sid": ""
              },
              {
                "actions": [
                  "SQS:*"
                ],
                "condition": [
                  {
                    "test": "ArnEquals",
                    "values": [
                      "arn:aws:iam::186314775128:role/api-gateway-to-sqs-2"
                    ],
                    "variable": "aws:SourceArn"
                  }
                ],
                "effect": "Allow",
                "not_actions": [],
                "not_principals": [],
                "not_resources": [],
                "principals": [
                  {
                    "identifiers": [
                      "*"
                    ],
                    "type": "*"
                  }
                ],
                "resources": [
                  "arn:aws:sqs:us-east-1:186314775128:edi-queue-2.fifo"
                ],
                "sid": ""
              }
            ],
            "version": "2012-10-17"
          },
          "sensitive_attributes": []
        }
      ]
    },
    {
      "mode": "managed",
      "type": "aws_api_gateway_deployment",
      "name": "edi",
      "provider": "provider[\"registry.terraform.io/hashicorp/aws\"]",
      "instances": [
        {
          "schema_version": 0,
          "attributes": {
            "created_date": "2023-03-30T20:33:00Z",
            "description": "",
            "execution_arn": "arn:aws:execute-api:us-east-1:186314775128:ppr9llduaf/",
            "id": "4x6i5u",
            "invoke_url": "https://ppr9llduaf.execute-api.us-east-1.amazonaws.com/",
            "rest_api_id": "ppr9llduaf",
            "stage_description": null,
            "stage_name": null,
            "triggers": null,
            "variables": null
          },
          "sensitive_attributes": [],
          "private": "bnVsbA==",
          "dependencies": [
            "aws_api_gateway_integration.edi",
            "aws_api_gateway_method.edi",
            "aws_api_gateway_resource.edi",
            "aws_api_gateway_rest_api.edi",
            "aws_iam_role.api-gateway-to-sqs-2",
            "aws_sqs_queue.edi-DeadLetters-2",
            "aws_sqs_queue.edi-queue-2"
          ]
        }
      ]
    },
    {
      "mode": "managed",
      "type": "aws_api_gateway_integration",
      "name": "edi",
      "provider": "provider[\"registry.terraform.io/hashicorp/aws\"]",
      "instances": [
        {
          "schema_version": 0,
          "attributes": {
            "cache_key_parameters": [],
            "cache_namespace": "ldt744",
            "connection_id": "",
            "connection_type": "INTERNET",
            "content_handling": "",
            "credentials": "arn:aws:iam::186314775128:role/api-gateway-to-sqs-2",
            "http_method": "POST",
            "id": "agi-ppr9llduaf-ldt744-POST",
            "integration_http_method": "POST",
            "passthrough_behavior": "WHEN_NO_TEMPLATES",
            "request_parameters": {
              "integration.request.header.Content-Type": "'application/x-www-form-urlencoded'"
            },
            "request_templates": {
              "application/json": "Action=SendMessage\u0026MessageGroupId=edi\u0026MessageBody=$util.urlEncode($input.body)"
            },
            "resource_id": "ldt744",
            "rest_api_id": "ppr9llduaf",
            "timeout_milliseconds": 29000,
            "tls_config": [],
            "type": "AWS",
            "uri": "arn:aws:apigateway:us-east-1:sqs:path/186314775128/edi-queue-2.fifo"
          },
          "sensitive_attributes": [],
          "private": "bnVsbA==",
          "dependencies": [
            "aws_api_gateway_resource.edi",
            "aws_api_gateway_rest_api.edi",
            "aws_iam_role.api-gateway-to-sqs-2",
            "aws_sqs_queue.edi-DeadLetters-2",
            "aws_sqs_queue.edi-queue-2"
          ]
        }
      ]
    },
    {
      "mode": "managed",
      "type": "aws_api_gateway_integration_response",
      "name": "integration_response",
      "provider": "provider[\"registry.terraform.io/hashicorp/aws\"]",
      "instances": [
        {
          "schema_version": 0,
          "attributes": {
            "content_handling": "",
            "http_method": "POST",
            "id": "agir-ppr9llduaf-ldt744-POST-200",
            "resource_id": "ldt744",
            "response_parameters": {},
            "response_templates": {},
            "rest_api_id": "ppr9llduaf",
            "selection_pattern": "",
            "status_code": "200"
          },
          "sensitive_attributes": [],
          "private": "bnVsbA==",
          "dependencies": [
            "aws_api_gateway_integration.edi",
            "aws_api_gateway_method.edi",
            "aws_api_gateway_method_response.response_200",
            "aws_api_gateway_resource.edi",
            "aws_api_gateway_rest_api.edi",
            "aws_iam_role.api-gateway-to-sqs-2",
            "aws_sqs_queue.edi-DeadLetters-2",
            "aws_sqs_queue.edi-queue-2"
          ]
        }
      ]
    },
    {
      "mode": "managed",
      "type": "aws_api_gateway_method",
      "name": "edi",
      "provider": "provider[\"registry.terraform.io/hashicorp/aws\"]",
      "instances": [
        {
          "schema_version": 0,
          "attributes": {
            "api_key_required": false,
            "authorization": "NONE",
            "authorization_scopes": [],
            "authorizer_id": "",
            "http_method": "POST",
            "id": "agm-ppr9llduaf-ldt744-POST",
            "operation_name": "",
            "request_models": {},
            "request_parameters": {},
            "request_validator_id": "",
            "resource_id": "ldt744",
            "rest_api_id": "ppr9llduaf"
          },
          "sensitive_attributes": [],
          "private": "bnVsbA==",
          "dependencies": [
            "aws_api_gateway_resource.edi",
            "aws_api_gateway_rest_api.edi"
          ]
        }
      ]
    },
    {
      "mode": "managed",
      "type": "aws_api_gateway_method_response",
      "name": "response_200",
      "provider": "provider[\"registry.terraform.io/hashicorp/aws\"]",
      "instances": [
        {
          "schema_version": 0,
          "attributes": {
            "http_method": "POST",
            "id": "agmr-ppr9llduaf-ldt744-POST-200",
            "resource_id": "ldt744",
            "response_models": {},
            "response_parameters": {},
            "rest_api_id": "ppr9llduaf",
            "status_code": "200"
          },
          "sensitive_attributes": [],
          "private": "bnVsbA==",
          "dependencies": [
            "aws_api_gateway_method.edi",
            "aws_api_gateway_resource.edi",
            "aws_api_gateway_rest_api.edi"
          ]
        }
      ]
    },
    {
      "mode": "managed",
      "type": "aws_api_gateway_resource",
      "name": "edi",
      "provider": "provider[\"registry.terraform.io/hashicorp/aws\"]",
      "instances": [
        {
          "schema_version": 0,
          "attributes": {
            "id": "ldt744",
            "parent_id": "gg815k4psc",
            "path": "/edi",
            "path_part": "edi",
            "rest_api_id": "ppr9llduaf"
          },
          "sensitive_attributes": [],
          "private": "bnVsbA==",
          "dependencies": [
            "aws_api_gateway_rest_api.edi"
          ]
        }
      ]
    },
    {
      "mode": "managed",
      "type": "aws_api_gateway_rest_api",
      "name": "edi",
      "provider": "provider[\"registry.terraform.io/hashicorp/aws\"]",
      "instances": [
        {
          "schema_version": 0,
          "attributes": {
            "api_key_source": "HEADER",
            "arn": "arn:aws:apigateway:us-east-1::/restapis/ppr9llduaf",
            "binary_media_types": [
              "*.json"
            ],
            "body": null,
            "created_date": "2023-03-30T20:31:33Z",
            "description": "process edi transactions",
            "disable_execute_api_endpoint": false,
            "endpoint_configuration": [
              {
                "types": [
                  "EDGE"
                ],
                "vpc_endpoint_ids": []
              }
            ],
            "execution_arn": "arn:aws:execute-api:us-east-1:186314775128:ppr9llduaf",
            "id": "ppr9llduaf",
            "minimum_compression_size": -1,
            "name": "edi",
            "parameters": null,
            "policy": "",
            "put_rest_api_mode": null,
            "root_resource_id": "gg815k4psc",
            "tags": {},
            "tags_all": {}
          },
          "sensitive_attributes": [],
          "private": "bnVsbA=="
        }
      ]
    },
    {
      "mode": "managed",
      "type": "aws_api_gateway_stage",
      "name": "edi",
      "provider": "provider[\"registry.terraform.io/hashicorp/aws\"]",
      "instances": [
        {
          "schema_version": 0,
          "attributes": {
            "access_log_settings": [],
            "arn": "arn:aws:apigateway:us-east-1::/restapis/ppr9llduaf/stages/v1",
            "cache_cluster_enabled": false,
            "cache_cluster_size": "",
            "canary_settings": [],
            "client_certificate_id": "",
            "deployment_id": "4x6i5u",
            "description": "",
            "documentation_version": "",
            "execution_arn": "arn:aws:execute-api:us-east-1:186314775128:ppr9llduaf/v1",
            "id": "ags-ppr9llduaf-v1",
            "invoke_url": "https://ppr9llduaf.execute-api.us-east-1.amazonaws.com/v1",
            "rest_api_id": "ppr9llduaf",
            "stage_name": "v1",
            "tags": {},
            "tags_all": {},
            "variables": {},
            "web_acl_arn": "",
            "xray_tracing_enabled": false
          },
          "sensitive_attributes": [],
          "private": "bnVsbA==",
          "dependencies": [
            "aws_api_gateway_deployment.edi",
            "aws_api_gateway_integration.edi",
            "aws_api_gateway_method.edi",
            "aws_api_gateway_resource.edi",
            "aws_api_gateway_rest_api.edi",
            "aws_iam_role.api-gateway-to-sqs-2",
            "aws_sqs_queue.edi-DeadLetters-2",
            "aws_sqs_queue.edi-queue-2"
          ]
        }
      ]
    },
    {
      "mode": "managed",
      "type": "aws_iam_policy",
      "name": "api-send-to-sqs-2",
      "provider": "provider[\"registry.terraform.io/hashicorp/aws\"]",
      "instances": [
        {
          "schema_version": 0,
          "attributes": {
            "arn": "arn:aws:iam::186314775128:policy/api-gateway-to-sqs-2",
            "description": "test sending edi files to sqs via api gateway",
            "id": "arn:aws:iam::186314775128:policy/api-gateway-to-sqs-2",
            "name": "api-gateway-to-sqs-2",
            "name_prefix": null,
            "path": "/",
            "policy": "{\"Statement\":[{\"Action\":\"SQS:SendMessage\",\"Condition\":{\"ArnEquals\":{\"aws:SourceArn\":\"arn:aws:iam::186314775128:role/api-gateway-to-sqs-2\"}},\"Effect\":\"Allow\",\"Resource\":\"arn:aws:sqs:us-east-1:186314775128:edi-queue-2.fifo\",\"Sid\":\"\"}],\"Version\":\"2012-10-17\"}",
            "policy_id": "ANPASWYJZ3JMAH7YWUBII",
            "tags": {},
            "tags_all": {}
          },
          "sensitive_attributes": [],
          "private": "bnVsbA==",
          "dependencies": [
            "aws_iam_role.api-gateway-to-sqs-2",
            "aws_sqs_queue.edi-DeadLetters-2",
            "aws_sqs_queue.edi-queue-2",
            "data.aws_iam_policy_document.api-gateway-to-sqs-2"
          ]
        }
      ]
    },
    {
      "mode": "managed",
      "type": "aws_iam_role",
      "name": "api-gateway-to-sqs-2",
      "provider": "provider[\"registry.terraform.io/hashicorp/aws\"]",
      "instances": [
        {
          "schema_version": 0,
          "attributes": {
            "arn": "arn:aws:iam::186314775128:role/api-gateway-to-sqs-2",
            "assume_role_policy": "{\"Statement\":[{\"Action\":\"sts:AssumeRole\",\"Effect\":\"Allow\",\"Principal\":{\"Service\":\"apigateway.amazonaws.com\"},\"Sid\":\"\"}],\"Version\":\"2012-10-17\"}",
            "create_date": "2023-03-30T20:31:33Z",
            "description": "Allows API Gateway to send to SQS",
            "force_detach_policies": false,
            "id": "api-gateway-to-sqs-2",
            "inline_policy": [],
            "managed_policy_arns": [
              "arn:aws:iam::186314775128:policy/api-gateway-to-sqs-2",
              "arn:aws:iam::aws:policy/service-role/AmazonAPIGatewayPushToCloudWatchLogs"
            ],
            "max_session_duration": 3600,
            "name": "api-gateway-to-sqs-2",
            "name_prefix": "",
            "path": "/",
            "permissions_boundary": null,
            "tags": {},
            "tags_all": {},
            "unique_id": "AROASWYJZ3JMIT4DLQCIU"
          },
          "sensitive_attributes": [],
          "private": "bnVsbA=="
        }
      ]
    },
    {
      "mode": "managed",
      "type": "aws_iam_role",
      "name": "edi-TenderMsgFunctionRole",
      "provider": "provider[\"registry.terraform.io/hashicorp/aws\"]",
      "instances": [
        {
          "schema_version": 0,
          "attributes": {
            "arn": "arn:aws:iam::186314775128:role/edi-TenderMsgFunctionRole",
            "assume_role_policy": "{\"Statement\":[{\"Action\":\"sts:AssumeRole\",\"Effect\":\"Allow\",\"Principal\":{\"Service\":\"lambda.amazonaws.com\"}}],\"Version\":\"2012-10-17\"}",
            "create_date": "2023-03-30T20:31:33Z",
            "description": "",
            "force_detach_policies": false,
            "id": "edi-TenderMsgFunctionRole",
            "inline_policy": [],
            "managed_policy_arns": [
              "arn:aws:iam::aws:policy/AmazonSQSFullAccess",
              "arn:aws:iam::aws:policy/service-role/AWSLambdaBasicExecutionRole"
            ],
            "max_session_duration": 3600,
            "name": "edi-TenderMsgFunctionRole",
            "name_prefix": "",
            "path": "/",
            "permissions_boundary": null,
            "tags": {},
            "tags_all": {},
            "unique_id": "AROASWYJZ3JMLSTJEA4V7"
          },
          "sensitive_attributes": [],
          "private": "bnVsbA=="
        }
      ]
    },
    {
      "mode": "managed",
      "type": "aws_iam_role_policy_attachment",
      "name": "AWSLambdaBasicExecutionRole",
      "provider": "provider[\"registry.terraform.io/hashicorp/aws\"]",
      "instances": [
        {
          "schema_version": 0,
          "attributes": {
            "id": "edi-TenderMsgFunctionRole-20230330203133613900000003",
            "policy_arn": "arn:aws:iam::aws:policy/service-role/AWSLambdaBasicExecutionRole",
            "role": "edi-TenderMsgFunctionRole"
          },
          "sensitive_attributes": [],
          "private": "bnVsbA==",
          "dependencies": [
            "aws_iam_role.edi-TenderMsgFunctionRole"
          ]
        }
      ]
    },
    {
      "mode": "managed",
      "type": "aws_iam_role_policy_attachment",
      "name": "AmazonAPIGatewayPushToCloudWatchLogs",
      "provider": "provider[\"registry.terraform.io/hashicorp/aws\"]",
      "instances": [
        {
          "schema_version": 0,
          "attributes": {
            "id": "api-gateway-to-sqs-2-20230330203133504100000001",
            "policy_arn": "arn:aws:iam::aws:policy/service-role/AmazonAPIGatewayPushToCloudWatchLogs",
            "role": "api-gateway-to-sqs-2"
          },
          "sensitive_attributes": [],
          "private": "bnVsbA==",
          "dependencies": [
            "aws_iam_role.api-gateway-to-sqs-2"
          ]
        }
      ]
    },
    {
      "mode": "managed",
      "type": "aws_iam_role_policy_attachment",
      "name": "AmazonSQSFullAccess",
      "provider": "provider[\"registry.terraform.io/hashicorp/aws\"]",
      "instances": [
        {
          "schema_version": 0,
          "attributes": {
            "id": "edi-TenderMsgFunctionRole-20230330203133504100000002",
            "policy_arn": "arn:aws:iam::aws:policy/AmazonSQSFullAccess",
            "role": "edi-TenderMsgFunctionRole"
          },
          "sensitive_attributes": [],
          "private": "bnVsbA==",
          "dependencies": [
            "aws_iam_role.edi-TenderMsgFunctionRole"
          ]
        }
      ]
    },
    {
      "mode": "managed",
      "type": "aws_iam_role_policy_attachment",
      "name": "api-send-to-sqs-2",
      "provider": "provider[\"registry.terraform.io/hashicorp/aws\"]",
      "instances": [
        {
          "schema_version": 0,
          "attributes": {
            "id": "api-gateway-to-sqs-2-20230330203300398800000004",
            "policy_arn": "arn:aws:iam::186314775128:policy/api-gateway-to-sqs-2",
            "role": "api-gateway-to-sqs-2"
          },
          "sensitive_attributes": [],
          "private": "bnVsbA==",
          "dependencies": [
            "aws_iam_policy.api-send-to-sqs-2",
            "aws_iam_role.api-gateway-to-sqs-2",
            "aws_sqs_queue.edi-DeadLetters-2",
            "aws_sqs_queue.edi-queue-2",
            "data.aws_iam_policy_document.api-gateway-to-sqs-2"
          ]
        }
      ]
    },
    {
      "mode": "managed",
      "type": "aws_lambda_event_source_mapping",
      "name": "event_source_mapping",
      "provider": "provider[\"registry.terraform.io/hashicorp/aws\"]",
      "instances": [
        {
          "schema_version": 0,
          "attributes": {
            "amazon_managed_kafka_event_source_config": [],
            "batch_size": 1,
            "bisect_batch_on_function_error": false,
            "destination_config": [],
            "enabled": true,
            "event_source_arn": "arn:aws:sqs:us-east-1:186314775128:edi-queue-2.fifo",
            "filter_criteria": [],
            "function_arn": "arn:aws:lambda:us-east-1:186314775128:function:edi-TenderMsgFunction",
            "function_name": "arn:aws:lambda:us-east-1:186314775128:function:edi-TenderMsgFunction",
            "function_response_types": [],
            "id": "f924c812-7b23-4822-9538-af8f6696a749",
            "last_modified": "2023-03-30T21:02:32Z",
            "last_processing_result": "",
            "maximum_batching_window_in_seconds": 0,
            "maximum_record_age_in_seconds": 0,
            "maximum_retry_attempts": 0,
            "parallelization_factor": 0,
            "queues": [],
            "scaling_config": [],
            "self_managed_event_source": [],
            "self_managed_kafka_event_source_config": [],
            "source_access_configuration": [],
            "starting_position": "",
            "starting_position_timestamp": "",
            "state": "Enabled",
            "state_transition_reason": "USER_INITIATED",
            "topics": [],
            "tumbling_window_in_seconds": 0,
            "uuid": "f924c812-7b23-4822-9538-af8f6696a749"
          },
          "sensitive_attributes": [],
          "private": "bnVsbA==",
          "dependencies": [
            "aws_iam_role.edi-TenderMsgFunctionRole",
            "aws_lambda_function.edi-TenderMsgFunction",
            "aws_lambda_layer_version.edi-2",
            "aws_sqs_queue.edi-DeadLetters-2",
            "aws_sqs_queue.edi-queue-2",
            "data.archive_file.lambda",
            "null_resource.build_lambda_function"
          ]
        }
      ]
    },
    {
      "mode": "managed",
      "type": "aws_lambda_function",
      "name": "edi-TenderMsgFunction",
      "provider": "provider[\"registry.terraform.io/hashicorp/aws\"]",
      "instances": [
        {
          "schema_version": 0,
          "attributes": {
            "architectures": [
              "x86_64"
            ],
            "arn": "arn:aws:lambda:us-east-1:186314775128:function:edi-TenderMsgFunction",
            "code_signing_config_arn": "",
            "dead_letter_config": [],
            "description": "",
            "environment": [],
            "ephemeral_storage": [
              {
                "size": 512
              }
            ],
            "file_system_config": [],
            "filename": "build/tender_msg.zip",
            "function_name": "edi-TenderMsgFunction",
            "handler": "tender_msg.lambda_handler",
            "id": "edi-TenderMsgFunction",
            "image_config": [],
            "image_uri": "",
            "invoke_arn": "arn:aws:apigateway:us-east-1:lambda:path/2015-03-31/functions/arn:aws:lambda:us-east-1:186314775128:function:edi-TenderMsgFunction/invocations",
            "kms_key_arn": "",
            "last_modified": "2023-03-30T21:36:34.000+0000",
            "layers": [
              "arn:aws:lambda:us-east-1:186314775128:layer:edi-2:4"
            ],
            "memory_size": 128,
            "package_type": "Zip",
            "publish": false,
            "qualified_arn": "arn:aws:lambda:us-east-1:186314775128:function:edi-TenderMsgFunction:$LATEST",
            "qualified_invoke_arn": "arn:aws:apigateway:us-east-1:lambda:path/2015-03-31/functions/arn:aws:lambda:us-east-1:186314775128:function:edi-TenderMsgFunction:$LATEST/invocations",
            "replace_security_groups_on_destroy": null,
            "replacement_security_group_ids": null,
            "reserved_concurrent_executions": -1,
            "role": "arn:aws:iam::186314775128:role/edi-TenderMsgFunctionRole",
            "runtime": "python3.9",
            "s3_bucket": null,
            "s3_key": null,
            "s3_object_version": null,
            "signing_job_arn": "",
            "signing_profile_version_arn": "",
            "skip_destroy": false,
            "snap_start": [],
            "source_code_hash": "05w/b+zA4qHCbw8uCZjhDAQzbyjA3uG50DttDYfcNhA=",
            "source_code_size": 1237,
            "tags": {},
            "tags_all": {},
            "timeout": 20,
            "timeouts": null,
            "tracing_config": [
              {
                "mode": "PassThrough"
              }
            ],
            "version": "$LATEST",
            "vpc_config": []
          },
          "sensitive_attributes": [],
          "private": "eyJlMmJmYjczMC1lY2FhLTExZTYtOGY4OC0zNDM2M2JjN2M0YzAiOnsiY3JlYXRlIjo2MDAwMDAwMDAwMDAsImRlbGV0ZSI6NjAwMDAwMDAwMDAwLCJ1cGRhdGUiOjYwMDAwMDAwMDAwMH19",
          "dependencies": [
            "aws_iam_role.edi-TenderMsgFunctionRole",
            "aws_lambda_layer_version.edi-2",
            "data.archive_file.lambda",
            "null_resource.build_lambda_function"
          ]
        }
      ]
    },
    {
      "mode": "managed",
      "type": "aws_lambda_layer_version",
      "name": "edi-2",
      "provider": "provider[\"registry.terraform.io/hashicorp/aws\"]",
      "instances": [
        {
          "schema_version": 0,
          "attributes": {
            "arn": "arn:aws:lambda:us-east-1:186314775128:layer:edi-2:4",
            "compatible_architectures": [],
            "compatible_runtimes": [
              "python3.9"
            ],
            "created_date": "2023-03-30T21:28:33.087+0000",
            "description": "",
            "filename": "lambda-layer/edi-layer-requirements.zip",
            "id": "arn:aws:lambda:us-east-1:186314775128:layer:edi-2:4",
            "layer_arn": "arn:aws:lambda:us-east-1:186314775128:layer:edi-2",
            "layer_name": "edi-2",
            "license_info": "",
            "s3_bucket": null,
            "s3_key": null,
            "s3_object_version": null,
            "signing_job_arn": "",
            "signing_profile_version_arn": "",
            "skip_destroy": false,
            "source_code_hash": "PpAIBV2cm4WQTCreQe56twzvr2wZa9n1AYFhvCQB0DE=",
            "source_code_size": 12827633,
            "version": "4"
          },
          "sensitive_attributes": [],
          "private": "bnVsbA=="
        }
      ]
    },
    {
      "mode": "managed",
      "type": "aws_sqs_queue",
      "name": "edi-DeadLetters-2",
      "provider": "provider[\"registry.terraform.io/hashicorp/aws\"]",
      "instances": [
        {
          "schema_version": 0,
          "attributes": {
            "arn": "arn:aws:sqs:us-east-1:186314775128:edi-DeadLetters-2.fifo",
            "content_based_deduplication": true,
            "deduplication_scope": "queue",
            "delay_seconds": 0,
            "fifo_queue": true,
            "fifo_throughput_limit": "perQueue",
            "id": "https://sqs.us-east-1.amazonaws.com/186314775128/edi-DeadLetters-2.fifo",
            "kms_data_key_reuse_period_seconds": 300,
            "kms_master_key_id": "",
            "max_message_size": 262144,
            "message_retention_seconds": 600,
            "name": "edi-DeadLetters-2.fifo",
            "name_prefix": "",
            "policy": "{\"Statement\":[{\"Action\":\"SQS:*\",\"Condition\":{\"ArnEquals\":{\"aws:SourceArn\":\"arn:aws:iam::186314775128:role/api-gateway-to-sqs-2\"}},\"Effect\":\"Allow\",\"Principal\":\"*\",\"Resource\":\"arn:aws:sqs:us-east-1:186314775128:edi-DeadLetters-2.fifo\",\"Sid\":\"\"},{\"Action\":\"SQS:*\",\"Condition\":{\"ArnEquals\":{\"aws:SourceArn\":\"arn:aws:iam::186314775128:role/api-gateway-to-sqs-2\"}},\"Effect\":\"Allow\",\"Principal\":\"*\",\"Resource\":\"arn:aws:sqs:us-east-1:186314775128:edi-queue-2.fifo\",\"Sid\":\"\"}],\"Version\":\"2012-10-17\"}",
            "receive_wait_time_seconds": 1,
            "redrive_allow_policy": "{\"redrivePermission\":\"allowAll\"}",
            "redrive_policy": "",
            "sqs_managed_sse_enabled": true,
            "tags": {},
            "tags_all": {},
            "url": "https://sqs.us-east-1.amazonaws.com/186314775128/edi-DeadLetters-2.fifo",
            "visibility_timeout_seconds": 1
          },
          "sensitive_attributes": [],
          "private": "bnVsbA=="
        }
      ]
    },
    {
      "mode": "managed",
      "type": "aws_sqs_queue",
      "name": "edi-queue-2",
      "provider": "provider[\"registry.terraform.io/hashicorp/aws\"]",
      "instances": [
        {
          "schema_version": 0,
          "attributes": {
            "arn": "arn:aws:sqs:us-east-1:186314775128:edi-queue-2.fifo",
            "content_based_deduplication": true,
            "deduplication_scope": "queue",
            "delay_seconds": 0,
            "fifo_queue": true,
            "fifo_throughput_limit": "perQueue",
            "id": "https://sqs.us-east-1.amazonaws.com/186314775128/edi-queue-2.fifo",
            "kms_data_key_reuse_period_seconds": 300,
            "kms_master_key_id": "",
            "max_message_size": 262144,
            "message_retention_seconds": 180,
            "name": "edi-queue-2.fifo",
            "name_prefix": "",
            "policy": "{\"Statement\":[{\"Action\":\"SQS:*\",\"Condition\":{\"ArnEquals\":{\"aws:SourceArn\":\"arn:aws:iam::186314775128:role/api-gateway-to-sqs-2\"}},\"Effect\":\"Allow\",\"Principal\":\"*\",\"Resource\":\"arn:aws:sqs:us-east-1:186314775128:edi-DeadLetters-2.fifo\",\"Sid\":\"\"},{\"Action\":\"SQS:*\",\"Condition\":{\"ArnEquals\":{\"aws:SourceArn\":\"arn:aws:iam::186314775128:role/api-gateway-to-sqs-2\"}},\"Effect\":\"Allow\",\"Principal\":\"*\",\"Resource\":\"arn:aws:sqs:us-east-1:186314775128:edi-queue-2.fifo\",\"Sid\":\"\"}],\"Version\":\"2012-10-17\"}",
            "receive_wait_time_seconds": 2,
            "redrive_allow_policy": "",
            "redrive_policy": "{\"deadLetterTargetArn\":\"arn:aws:sqs:us-east-1:186314775128:edi-DeadLetters-2.fifo\",\"maxReceiveCount\":5}",
            "sqs_managed_sse_enabled": true,
            "tags": {},
            "tags_all": {},
            "url": "https://sqs.us-east-1.amazonaws.com/186314775128/edi-queue-2.fifo",
            "visibility_timeout_seconds": 60
          },
          "sensitive_attributes": [],
          "private": "bnVsbA==",
          "dependencies": [
            "aws_sqs_queue.edi-DeadLetters-2"
          ]
        }
      ]
    },
    {
      "mode": "managed",
      "type": "aws_sqs_queue_policy",
      "name": "edi-queue",
      "provider": "provider[\"registry.terraform.io/hashicorp/aws\"]",
      "instances": [
        {
          "schema_version": 1,
          "attributes": {
            "id": "https://sqs.us-east-1.amazonaws.com/186314775128/edi-queue-2.fifo",
            "policy": "{\"Statement\":[{\"Action\":\"SQS:*\",\"Condition\":{\"ArnEquals\":{\"aws:SourceArn\":\"arn:aws:iam::186314775128:role/api-gateway-to-sqs-2\"}},\"Effect\":\"Allow\",\"Principal\":\"*\",\"Resource\":\"arn:aws:sqs:us-east-1:186314775128:edi-DeadLetters-2.fifo\",\"Sid\":\"\"},{\"Action\":\"SQS:*\",\"Condition\":{\"ArnEquals\":{\"aws:SourceArn\":\"arn:aws:iam::186314775128:role/api-gateway-to-sqs-2\"}},\"Effect\":\"Allow\",\"Principal\":\"*\",\"Resource\":\"arn:aws:sqs:us-east-1:186314775128:edi-queue-2.fifo\",\"Sid\":\"\"}],\"Version\":\"2012-10-17\"}",
            "queue_url": "https://sqs.us-east-1.amazonaws.com/186314775128/edi-queue-2.fifo"
          },
          "sensitive_attributes": [],
          "private": "eyJzY2hlbWFfdmVyc2lvbiI6IjEifQ==",
          "dependencies": [
            "aws_iam_role.api-gateway-to-sqs-2",
            "aws_sqs_queue.edi-DeadLetters-2",
            "aws_sqs_queue.edi-queue-2",
            "data.aws_iam_policy_document.edi-queue"
          ]
        }
      ]
    },
    {
      "mode": "managed",
      "type": "aws_sqs_queue_policy",
      "name": "edi-queue-dead-letter",
      "provider": "provider[\"registry.terraform.io/hashicorp/aws\"]",
      "instances": [
        {
          "schema_version": 1,
          "attributes": {
            "id": "https://sqs.us-east-1.amazonaws.com/186314775128/edi-DeadLetters-2.fifo",
            "policy": "{\"Statement\":[{\"Action\":\"SQS:*\",\"Condition\":{\"ArnEquals\":{\"aws:SourceArn\":\"arn:aws:iam::186314775128:role/api-gateway-to-sqs-2\"}},\"Effect\":\"Allow\",\"Principal\":\"*\",\"Resource\":\"arn:aws:sqs:us-east-1:186314775128:edi-DeadLetters-2.fifo\",\"Sid\":\"\"},{\"Action\":\"SQS:*\",\"Condition\":{\"ArnEquals\":{\"aws:SourceArn\":\"arn:aws:iam::186314775128:role/api-gateway-to-sqs-2\"}},\"Effect\":\"Allow\",\"Principal\":\"*\",\"Resource\":\"arn:aws:sqs:us-east-1:186314775128:edi-queue-2.fifo\",\"Sid\":\"\"}],\"Version\":\"2012-10-17\"}",
            "queue_url": "https://sqs.us-east-1.amazonaws.com/186314775128/edi-DeadLetters-2.fifo"
          },
          "sensitive_attributes": [],
          "private": "eyJzY2hlbWFfdmVyc2lvbiI6IjEifQ==",
          "dependencies": [
            "aws_iam_role.api-gateway-to-sqs-2",
            "aws_sqs_queue.edi-DeadLetters-2",
            "aws_sqs_queue.edi-queue-2",
            "data.aws_iam_policy_document.edi-queue"
          ]
        }
      ]
    },
    {
      "mode": "managed",
      "type": "null_resource",
      "name": "build_lambda_function",
      "provider": "provider[\"registry.terraform.io/hashicorp/null\"]",
      "instances": [
        {
          "schema_version": 0,
          "attributes": {
            "id": "258280307",
            "triggers": {
              "build_number": "2023-03-30T21:36:26Z"
            }
          },
          "sensitive_attributes": []
        }
      ]
    },
    {
      "mode": "managed",
      "type": "null_resource",
      "name": "sam_metadata_aws_lambda_function_edi-TenderMsgFunction",
      "provider": "provider[\"registry.terraform.io/hashicorp/null\"]",
      "instances": [
        {
          "schema_version": 0,
          "attributes": {
            "id": "772137217",
            "triggers": {
              "built_output_path": "build/tender_msg.zip",
              "original_source_code": "./src",
              "resource_name": "aws_lambda_function.edi-TenderMsgFunction",
              "resource_type": "ZIP_LAMBDA_FUNCTION"
            }
          },
          "sensitive_attributes": [],
          "dependencies": [
            "null_resource.build_lambda_function"
          ]
        }
      ]
    }
  ],
  "check_results": null
}
